
Microsoft Visual Studio Solution File, Format Version 12.00
# Visual Studio 15
Project("{FAE04EC0-301F-11D3-BF4B-00C04F79EFBC}") = "PlayFab", "PlayFab.csproj", "{6DA9C3F2-895D-18EC-4B59-7764D35D92A6}"
EndProject
Project("{FAE04EC0-301F-11D3-BF4B-00C04F79EFBC}") = "Assembly-CSharp", "Assembly-CSharp.csproj", "{3B2E5451-4D65-E220-864A-C7AE2C9F4AFA}"
EndProject
Project("{FAE04EC0-301F-11D3-BF4B-00C04F79EFBC}") = "PlayFabSDKEditor", "PlayFabSDKEditor.csproj", "{5A1C47A6-D3A5-546C-55F7-FACEFB0200C9}"
EndProject
Global
	GlobalSection(SolutionConfigurationPlatforms) = preSolution
		Debug|Any CPU = Debug|Any CPU
		Release|Any CPU = Release|Any CPU
	EndGlobalSection
	GlobalSection(ProjectConfigurationPlatforms) = postSolution
		{6DA9C3F2-895D-18EC-4B59-7764D35D92A6}.Debug|Any CPU.ActiveCfg = Debug|Any CPU
		{6DA9C3F2-895D-18EC-4B59-7764D35D92A6}.Debug|Any CPU.Build.0 = Debug|Any CPU
		{6DA9C3F2-895D-18EC-4B59-7764D35D92A6}.Release|Any CPU.ActiveCfg = Release|Any CPU
		{6DA9C3F2-895D-18EC-4B59-7764D35D92A6}.Release|Any CPU.Build.0 = Release|Any CPU
		{3B2E5451-4D65-E220-864A-C7AE2C9F4AFA}.Debug|Any CPU.ActiveCfg = Debug|Any CPU
		{3B2E5451-4D65-E220-864A-C7AE2C9F4AFA}.Debug|Any CPU.Build.0 = Debug|Any CPU
		{3B2E5451-4D65-E220-864A-C7AE2C9F4AFA}.Release|Any CPU.ActiveCfg = Release|Any CPU
		{3B2E5451-4D65-E220-864A-C7AE2C9F4AFA}.Release|Any CPU.Build.0 = Release|Any CPU
		{5A1C47A6-D3A5-546C-55F7-FACEFB0200C9}.Debug|Any CPU.ActiveCfg = Debug|Any CPU
		{5A1C47A6-D3A5-546C-55F7-FACEFB0200C9}.Debug|Any CPU.Build.0 = Debug|Any CPU
		{5A1C47A6-D3A5-546C-55F7-FACEFB0200C9}.Release|Any CPU.ActiveCfg = Release|Any CPU
		{5A1C47A6-D3A5-546C-55F7-FACEFB0200C9}.Release|Any CPU.Build.0 = Release|Any CPU
	EndGlobalSection
	GlobalSection(SolutionProperties) = preSolution
		HideSolutionNode = FALSE
	EndGlobalSection
EndGlobal
